
Microsoft Visual Studio Solution File, Format Version 12.00
# Visual Studio Version 16
VisualStudioVersion = 16.0.30406.217
MinimumVisualStudioVersion = 10.0.40219.1
Project("{888888A0-9F3D-457C-B088-3A5042F75D52}") = "BearModlog", "BearModlog.pyproj", "{0894122B-4CF7-4B56-BF50-A9C1B97FEB66}"
EndProject
Global
	GlobalSection(SolutionConfigurationPlatforms) = preSolution
		Debug|Any CPU = Debug|Any CPU
		Release|Any CPU = Release|Any CPU
	EndGlobalSection
	GlobalSection(ProjectConfigurationPlatforms) = postSolution
		{0894122B-4CF7-4B56-BF50-A9C1B97FEB66}.Debug|Any CPU.ActiveCfg = Debug|Any CPU
		{0894122B-4CF7-4B56-BF50-A9C1B97FEB66}.Release|Any CPU.ActiveCfg = Release|Any CPU
	EndGlobalSection
	GlobalSection(SolutionProperties) = preSolution
		HideSolutionNode = FALSE
	EndGlobalSection
	GlobalSection(ExtensibilityGlobals) = postSolution
		SolutionGuid = {92B6ECEF-CBAF-4F84-AA31-540AF0F2DE0B}
	EndGlobalSection
EndGlobal
